
Microsoft Visual Studio Solution File, Format Version 12.00
# Visual Studio Version 17
VisualStudioVersion = 17.9.34616.47
MinimumVisualStudioVersion = 10.0.40219.1
Project("{FAE04EC0-301F-11D3-BF4B-00C04F79EFBC}") = "SN2.console", "SN2.console\SN2.console.csproj", "{CBB1DA38-635F-4972-9F03-A71EFAEC3D48}"
EndProject
Global
	GlobalSection(SolutionConfigurationPlatforms) = preSolution
		Debug|Any CPU = Debug|Any CPU
		Release|Any CPU = Release|Any CPU
	EndGlobalSection
	GlobalSection(ProjectConfigurationPlatforms) = postSolution
		{CBB1DA38-635F-4972-9F03-A71EFAEC3D48}.Debug|Any CPU.ActiveCfg = Debug|Any CPU
		{CBB1DA38-635F-4972-9F03-A71EFAEC3D48}.Debug|Any CPU.Build.0 = Debug|Any CPU
		{CBB1DA38-635F-4972-9F03-A71EFAEC3D48}.Release|Any CPU.ActiveCfg = Release|Any CPU
		{CBB1DA38-635F-4972-9F03-A71EFAEC3D48}.Release|Any CPU.Build.0 = Release|Any CPU
	EndGlobalSection
	GlobalSection(SolutionProperties) = preSolution
		HideSolutionNode = FALSE
	EndGlobalSection
	GlobalSection(ExtensibilityGlobals) = postSolution
		SolutionGuid = {6625E091-9F00-4816-8A01-5C76C55CD51D}
	EndGlobalSection
EndGlobal
